# Windows numerical pip layer; install conda-win-64.lock first.
annotated-types==0.8.0
casadi==3.7.2
colorama==0.4.6
diffrax==0.7.2
equinox==0.13.8
jax==0.10.2
jaxlib==0.10.2
jaxtyping==0.3.11
lineax==0.1.1
ml_dtypes==0.6.0
opt_einsum==3.4.0
optimistix==0.1.0
pydantic==2.14.0
pydantic_core==2.50.0
scipy==1.17.1
soromox==0.5.0
tqdm==4.70.1
typing-inspection==0.4.4
typing_extensions==4.16.0
wadler_lindig==0.1.7
